
Microsoft Visual Studio Solution File, Format Version 12.00
# Visual Studio Version 17
VisualStudioVersion = 17.10.35027.167
MinimumVisualStudioVersion = 10.0.40219.1
Project("{FAE04EC0-301F-11D3-BF4B-00C04F79EFBC}") = "DieRoller", "DieRoller\DieRoller.csproj", "{778777CF-C324-4815-B922-63FA6D1D6DBC}"
EndProject
Global
	GlobalSection(SolutionConfigurationPlatforms) = preSolution
		Debug|Any CPU = Debug|Any CPU
		Release|Any CPU = Release|Any CPU
	EndGlobalSection
	GlobalSection(ProjectConfigurationPlatforms) = postSolution
		{778777CF-C324-4815-B922-63FA6D1D6DBC}.Debug|Any CPU.ActiveCfg = Debug|Any CPU
		{778777CF-C324-4815-B922-63FA6D1D6DBC}.Debug|Any CPU.Build.0 = Debug|Any CPU
		{778777CF-C324-4815-B922-63FA6D1D6DBC}.Release|Any CPU.ActiveCfg = Release|Any CPU
		{778777CF-C324-4815-B922-63FA6D1D6DBC}.Release|Any CPU.Build.0 = Release|Any CPU
	EndGlobalSection
	GlobalSection(SolutionProperties) = preSolution
		HideSolutionNode = FALSE
	EndGlobalSection
	GlobalSection(ExtensibilityGlobals) = postSolution
		SolutionGuid = {78E59082-B0EB-45CD-9900-D866507387AE}
	EndGlobalSection
EndGlobal
